<?xml version="1.0" encoding="utf-8"?>
<Project ToolsVersion="4.0" xmlns="http://schemas.microsoft.com/developer/msbuild/2003">
  <ItemGroup>
    <Filter Include="소스 파일">
      <UniqueIdentifier>{4FC737F1-C7A5-4376-A066-2A32D752A2FF}</UniqueIdentifier>
      <Extensions>cpp;c;cc;cxx;c++;def;odl;idl;hpj;bat;asm;asmx</Extensions>
    </Filter>
    <Filter Include="헤더 파일">
      <UniqueIdentifier>{93995380-89BD-4b04-88EB-625FBE52EBFB}</UniqueIdentifier>
      <Extensions>h;hh;hpp;hxx;h++;hm;inl;inc;ipp;xsd</Extensions>
    </Filter>
    <Filter Include="리소스 파일">
      <UniqueIdentifier>{67DA6AB6-F800-4c08-8B7A-83BB121AAD01}</UniqueIdentifier>
      <Extensions>rc;ico;cur;bmp;dlg;rc2;rct;bin;rgs;gif;jpg;jpeg;jpe;resx;tiff;tif;png;wav;mfcribbon-ms</Extensions>
    </Filter>
  </ItemGroup>
  <ItemGroup>
    <ClCompile Include="Baekjun\1000 A+B.c">
      <Filter>소스 파일</Filter>
    </ClCompile>
    <ClCompile Include="Baekjun\1000_A+B.c">
      <Filter>소스 파일</Filter>
    </ClCompile>
    <ClCompile Include="Baekjun\1001 A-B.c">
      <Filter>소스 파일</Filter>
    </ClCompile>
    <ClCompile Include="Baekjun\1001_A-B.c">
      <Filter>소스 파일</Filter>
    </ClCompile>
    <ClCompile Include="Baekjun\1008 A÷B.c">
      <Filter>소스 파일</Filter>
    </ClCompile>
    <ClCompile Include="Baekjun\1008_A÷B.c">
      <Filter>소스 파일</Filter>
    </ClCompile>
    <ClCompile Include="Baekjun\10171 고양이.c">
      <Filter>소스 파일</Filter>
    </ClCompile>
    <ClCompile Include="Baekjun\10171_고양이.c">
      <Filter>소스 파일</Filter>
    </ClCompile>
    <ClCompile Include="Baekjun\10172 개.c">
      <Filter>소스 파일</Filter>
    </ClCompile>
    <ClCompile Include="Baekjun\10172_개.c">
      <Filter>소스 파일</Filter>
    </ClCompile>
    <ClCompile Include="Baekjun\10430 나머지.c">
      <Filter>소스 파일</Filter>
    </ClCompile>
    <ClCompile Include="Baekjun\10430_나머지.c">
      <Filter>소스 파일</Filter>
    </ClCompile>
    <ClCompile Include="Baekjun\10718 We love kriii.c">
      <Filter>소스 파일</Filter>
    </ClCompile>
    <ClCompile Include="Baekjun\10718_Welovekriii.c">
      <Filter>소스 파일</Filter>
    </ClCompile>
    <ClCompile Include="Baekjun\10869 사칙연산.c">
      <Filter>소스 파일</Filter>
    </ClCompile>
    <ClCompile Include="Baekjun\10869_사칙연산.c">
      <Filter>소스 파일</Filter>
    </ClCompile>
    <ClCompile Include="Baekjun\10998 A×B.c">
      <Filter>소스 파일</Filter>
    </ClCompile>
    <ClCompile Include="Baekjun\10998_A×B.c">
      <Filter>소스 파일</Filter>
    </ClCompile>
    <ClCompile Include="Baekjun\1330_두수비교하기.c">
      <Filter>소스 파일</Filter>
    </ClCompile>
    <ClCompile Include="Baekjun\14681_사분면고르기.c">
      <Filter>소스 파일</Filter>
    </ClCompile>
    <ClCompile Include="Baekjun\2557 Hello World.c">
      <Filter>소스 파일</Filter>
    </ClCompile>
    <ClCompile Include="Baekjun\2557_HelloWorld.c">
      <Filter>소스 파일</Filter>
    </ClCompile>
    <ClCompile Include="Baekjun\2588 곱셈.c">
      <Filter>소스 파일</Filter>
    </ClCompile>
    <ClCompile Include="Baekjun\2588_곱셈.c">
      <Filter>소스 파일</Filter>
    </ClCompile>
    <ClCompile Include="Baekjun\275_윤년.c">
      <Filter>소스 파일</Filter>
    </ClCompile>
    <ClCompile Include="Baekjun\2884_알람시계.c">
      <Filter>소스 파일</Filter>
    </ClCompile>
    <ClCompile Include="Baekjun\9498_시험성적.c">
      <Filter>소스 파일</Filter>
    </ClCompile>
    <ClCompile Include="Jungwol\105 출력_형성평가5.c">
      <Filter>소스 파일</Filter>
    </ClCompile>
    <ClCompile Include="Jungwol\105_출력_형성평가5.c">
      <Filter>소스 파일</Filter>
    </ClCompile>
    <ClCompile Include="Jungwol\106 입력 형성평가1.c">
      <Filter>소스 파일</Filter>
    </ClCompile>
    <ClCompile Include="Jungwol\106_입력_형성평가1.c">
      <Filter>소스 파일</Filter>
    </ClCompile>
    <ClCompile Include="Jungwol\107 입력 형성평가2.c">
      <Filter>소스 파일</Filter>
    </ClCompile>
    <ClCompile Include="Jungwol\107_입력_형성평가2.c">
      <Filter>소스 파일</Filter>
    </ClCompile>
    <ClCompile Include="Jungwol\108 입력 형성평가3.c">
      <Filter>소스 파일</Filter>
    </ClCompile>
    <ClCompile Include="Jungwol\108_입력_형성평가3.c">
      <Filter>소스 파일</Filter>
    </ClCompile>
    <ClCompile Include="Jungwol\109 입력 형성평가4.c">
      <Filter>소스 파일</Filter>
    </ClCompile>
    <ClCompile Include="Jungwol\109_입력_형성평가4.c">
      <Filter>소스 파일</Filter>
    </ClCompile>
    <ClCompile Include="Jungwol\110 입력 형성평가5.c">
      <Filter>소스 파일</Filter>
    </ClCompile>
    <ClCompile Include="Jungwol\110_입력_형성평가5.c">
      <Filter>소스 파일</Filter>
    </ClCompile>
    <ClCompile Include="Jungwol\111 연산자_형성평가1.c">
      <Filter>소스 파일</Filter>
    </ClCompile>
    <ClCompile Include="Jungwol\111_연산자_형성평가1.c">
      <Filter>소스 파일</Filter>
    </ClCompile>
    <ClCompile Include="Jungwol\112 연산자_형성평가2.c">
      <Filter>소스 파일</Filter>
    </ClCompile>
    <ClCompile Include="Jungwol\112_연산자_형성평가2.c">
      <Filter>소스 파일</Filter>
    </ClCompile>
    <ClCompile Include="Jungwol\113 연산자_형성평가3.c">
      <Filter>소스 파일</Filter>
    </ClCompile>
    <ClCompile Include="Jungwol\113_연산자_형성평가3.c">
      <Filter>소스 파일</Filter>
    </ClCompile>
    <ClCompile Include="Jungwol\114 연산자 형성평가4.c">
      <Filter>소스 파일</Filter>
    </ClCompile>
    <ClCompile Include="Jungwol\114_연산자_형성평가4.c">
      <Filter>소스 파일</Filter>
    </ClCompile>
    <ClCompile Include="Jungwol\115 연산자 형성평가5.c">
      <Filter>소스 파일</Filter>
    </ClCompile>
    <ClCompile Include="Jungwol\115_연산자_형성평가5.c">
      <Filter>소스 파일</Filter>
    </ClCompile>
    <ClCompile Include="Jungwol\116_디버깅_형성평가1.c">
      <Filter>소스 파일</Filter>
    </ClCompile>
    <ClCompile Include="Jungwol\117_디버깅_형성평가2.c">
      <Filter>소스 파일</Filter>
    </ClCompile>
    <ClCompile Include="Jungwol\118_디버깅_형성평가3.c">
      <Filter>소스 파일</Filter>
    </ClCompile>
    <ClCompile Include="Jungwol\119_디버깅_형성평가4.c">
      <Filter>소스 파일</Filter>
    </ClCompile>
    <ClCompile Include="Jungwol\120_선택제어문_형성평가1.c">
      <Filter>소스 파일</Filter>
    </ClCompile>
    <ClCompile Include="Jungwol\121_선택제어문_형성평가2.c">
      <Filter>소스 파일</Filter>
    </ClCompile>
    <ClCompile Include="Jungwol\122_선택제어문_형성평가3.c">
      <Filter>소스 파일</Filter>
    </ClCompile>
    <ClCompile Include="Jungwol\123_선택제어문_형성평가4.c">
      <Filter>소스 파일</Filter>
    </ClCompile>
    <ClCompile Include="Jungwol\124_선택제어문_형성평가5.c">
      <Filter>소스 파일</Filter>
    </ClCompile>
    <ClCompile Include="Jungwol\125_반복제어문1_형성평가1.c">
      <Filter>소스 파일</Filter>
    </ClCompile>
    <ClCompile Include="Jungwol\126_반복제어문1_형성평가2.c">
      <Filter>소스 파일</Filter>
    </ClCompile>
    <ClCompile Include="Jungwol\513 입력_자가진단5.c">
      <Filter>소스 파일</Filter>
    </ClCompile>
    <ClCompile Include="Jungwol\513_입력_자가진단5.c">
      <Filter>소스 파일</Filter>
    </ClCompile>
    <ClCompile Include="Jungwol\516 입력 자가진단8.c">
      <Filter>소스 파일</Filter>
    </ClCompile>
    <ClCompile Include="Jungwol\516_입력_자가진단8.c">
      <Filter>소스 파일</Filter>
    </ClCompile>
    <ClCompile Include="Jungwol\517 입력 자가진단9.c">
      <Filter>소스 파일</Filter>
    </ClCompile>
    <ClCompile Include="Jungwol\517_입력_자가진단9.c">
      <Filter>소스 파일</Filter>
    </ClCompile>
    <ClCompile Include="Jungwol\518 연산자_자가진단1.c">
      <Filter>소스 파일</Filter>
    </ClCompile>
    <ClCompile Include="Jungwol\518_연산자_자가진단1.c">
      <Filter>소스 파일</Filter>
    </ClCompile>
    <ClCompile Include="Jungwol\519 연산자_자가진단2.c">
      <Filter>소스 파일</Filter>
    </ClCompile>
    <ClCompile Include="Jungwol\519_연산자_자가진단2.c">
      <Filter>소스 파일</Filter>
    </ClCompile>
    <ClCompile Include="Jungwol\520 연산자 자가진단3.c">
      <Filter>소스 파일</Filter>
    </ClCompile>
    <ClCompile Include="Jungwol\520_연산자_자가진단3.c">
      <Filter>소스 파일</Filter>
    </ClCompile>
    <ClCompile Include="Jungwol\521 연산자 자가진단4.c">
      <Filter>소스 파일</Filter>
    </ClCompile>
    <ClCompile Include="Jungwol\521_연산자_자가진단4.c">
      <Filter>소스 파일</Filter>
    </ClCompile>
    <ClCompile Include="Jungwol\522 연산자 자가진단5.c">
      <Filter>소스 파일</Filter>
    </ClCompile>
    <ClCompile Include="Jungwol\522_연산자_자가진단5.c">
      <Filter>소스 파일</Filter>
    </ClCompile>
    <ClCompile Include="Jungwol\523 연산자 자가진단6.c">
      <Filter>소스 파일</Filter>
    </ClCompile>
    <ClCompile Include="Jungwol\523_연산자_자가진단6.c">
      <Filter>소스 파일</Filter>
    </ClCompile>
    <ClCompile Include="Jungwol\524 연산자 자가진단7.c">
      <Filter>소스 파일</Filter>
    </ClCompile>
    <ClCompile Include="Jungwol\524_연산자_자가진단7.c">
      <Filter>소스 파일</Filter>
    </ClCompile>
    <ClCompile Include="Jungwol\525 연산자 자가진단8.c">
      <Filter>소스 파일</Filter>
    </ClCompile>
    <ClCompile Include="Jungwol\525_연산자_자가진단8.c">
      <Filter>소스 파일</Filter>
    </ClCompile>
    <ClCompile Include="Jungwol\526_디버깅_자가진단1.c">
      <Filter>소스 파일</Filter>
    </ClCompile>
    <ClCompile Include="Jungwol\527_디버깅_자가진단2.c">
      <Filter>소스 파일</Filter>
    </ClCompile>
    <ClCompile Include="Jungwol\528_선택제어문_자가진단1.c">
      <Filter>소스 파일</Filter>
    </ClCompile>
    <ClCompile Include="Jungwol\529_선택제어문_자가진단2.c">
      <Filter>소스 파일</Filter>
    </ClCompile>
    <ClCompile Include="Jungwol\530_선택제어문_자가진단3.c">
      <Filter>소스 파일</Filter>
    </ClCompile>
    <ClCompile Include="Jungwol\531_선택제어문_자가진단4.c">
      <Filter>소스 파일</Filter>
    </ClCompile>
    <ClCompile Include="Jungwol\532_선택제어문_자가진단5.c">
      <Filter>소스 파일</Filter>
    </ClCompile>
    <ClCompile Include="Jungwol\533_선택제어문_자가진단6.c">
      <Filter>소스 파일</Filter>
    </ClCompile>
    <ClCompile Include="Jungwol\534_선택제어문_자가진단7.c">
      <Filter>소스 파일</Filter>
    </ClCompile>
    <ClCompile Include="Jungwol\535_선택제어문_자가진단8.c">
      <Filter>소스 파일</Filter>
    </ClCompile>
    <ClCompile Include="Jungwol\536_반복제어문1_자가진단1.c">
      <Filter>소스 파일</Filter>
    </ClCompile>
    <ClCompile Include="Jungwol\537_반복제어문1_자가진단2.c">
      <Filter>소스 파일</Filter>
    </ClCompile>
    <ClCompile Include="Jungwol\538_반복제어문1_자가진단3.c">
      <Filter>소스 파일</Filter>
    </ClCompile>
    <ClCompile Include="Jungwol\539_반복제어문1_자가진단4.c">
      <Filter>소스 파일</Filter>
    </ClCompile>
    <ClCompile Include="Jungwol\540_반복제어문1_자가진단5.c">
      <Filter>소스 파일</Filter>
    </ClCompile>
    <ClCompile Include="Jungwol\632_선택제어문_자가진단9.c">
      <Filter>소스 파일</Filter>
    </ClCompile>
    <ClCompile Include="Jungwol\633_반복제어문1_자가진단6.c">
      <Filter>소스 파일</Filter>
    </ClCompile>
    <ClCompile Include="127_반복제어문1_형성평가3.c">
      <Filter>소스 파일</Filter>
    </ClCompile>
    <ClCompile Include="128_반복제어문1_형성평가4.c">
      <Filter>소스 파일</Filter>
    </ClCompile>
    <ClCompile Include="129_반복제어문1_형성평가5.c">
      <Filter>소스 파일</Filter>
    </ClCompile>
    <ClCompile Include="542_반복제어문2_자가진단2.c">
      <Filter>소스 파일</Filter>
    </ClCompile>
    <ClCompile Include="543_반복제어문2_자가진단3.c">
      <Filter>소스 파일</Filter>
    </ClCompile>
    <ClCompile Include="544_반복제어문2_자가진단4.c">
      <Filter>소스 파일</Filter>
    </ClCompile>
    <ClCompile Include="Jungwol\545_반복제어문2_자가진단5 .c">
      <Filter>소스 파일</Filter>
    </ClCompile>
    <ClCompile Include="546_반복제어문2_자가진단6.c">
      <Filter>소스 파일</Filter>
    </ClCompile>
    <ClCompile Include="547_반복제어문2_자가진단7.c">
      <Filter>소스 파일</Filter>
    </ClCompile>
    <ClCompile Include="130_반복제어문2_형성평가1.c">
      <Filter>소스 파일</Filter>
    </ClCompile>
    <ClCompile Include="131_반복제어문2_형성평가2.c">
      <Filter>소스 파일</Filter>
    </ClCompile>
    <ClCompile Include="132_반복제어문2_형성평가3.c">
      <Filter>소스 파일</Filter>
    </ClCompile>
    <ClCompile Include="133_반복제어문2_형성평가4.c">
      <Filter>소스 파일</Filter>
    </ClCompile>
    <ClCompile Include="134_반복제어문2_형성평가5.c">
      <Filter>소스 파일</Filter>
    </ClCompile>
    <ClCompile Include="135_반복제어문2_형성평가6.c">
      <Filter>소스 파일</Filter>
    </ClCompile>
    <ClCompile Include="136_반복제어문2_형성평가7.c">
      <Filter>소스 파일</Filter>
    </ClCompile>
    <ClCompile Include="541_반복제어문2_자가진단1.c">
      <Filter>소스 파일</Filter>
    </ClCompile>
    <ClCompile Include="137_반복제어문2_형성평가8.c">
      <Filter>소스 파일</Filter>
    </ClCompile>
    <ClCompile Include="138_반복제어문2_형성평가9.c">
      <Filter>소스 파일</Filter>
    </ClCompile>
    <ClCompile Include="139_반복제어문2_형성평가A.c">
      <Filter>소스 파일</Filter>
    </ClCompile>
    <ClCompile Include="548_반복재어문2_자가진단8.c">
      <Filter>소스 파일</Filter>
    </ClCompile>
    <ClCompile Include="549_반복제어문3_자가진단1.c">
      <Filter>소스 파일</Filter>
    </ClCompile>
    <ClCompile Include="634_ 반복제어문3_자가진단2.c">
      <Filter>소스 파일</Filter>
    </ClCompile>
    <ClCompile Include="550.c">
      <Filter>소스 파일</Filter>
    </ClCompile>
    <ClCompile Include="551.c">
      <Filter>소스 파일</Filter>
    </ClCompile>
    <ClCompile Include="142.c">
      <Filter>소스 파일</Filter>
    </ClCompile>
    <ClCompile Include="148.c">
      <Filter>소스 파일</Filter>
    </ClCompile>
    <ClCompile Include="144.c">
      <Filter>소스 파일</Filter>
    </ClCompile>
    <ClCompile Include="551_1.c">
      <Filter>소스 파일</Filter>
    </ClCompile>
    <ClCompile Include="533.c">
      <Filter>소스 파일</Filter>
    </ClCompile>
    <ClCompile Include="574_함수1_자가진단4.c">
      <Filter>소스 파일</Filter>
    </ClCompile>
    <ClCompile Include="571_함수1_자가진단1.c">
      <Filter>소스 파일</Filter>
    </ClCompile>
    <ClCompile Include="572_함수1_자가진단2.c">
      <Filter>소스 파일</Filter>
    </ClCompile>
    <ClCompile Include="573_함수1_자가진단3.c">
      <Filter>소스 파일</Filter>
    </ClCompile>
    <ClCompile Include="577_함수1_자가진단7.c">
      <Filter>소스 파일</Filter>
    </ClCompile>
    <ClCompile Include="170_함수1_형성평가1.c">
      <Filter>소스 파일</Filter>
    </ClCompile>
    <ClCompile Include="171_함수1_형성평가2.c">
      <Filter>소스 파일</Filter>
    </ClCompile>
    <ClCompile Include="173_함수1_형성평가4.c">
      <Filter>소스 파일</Filter>
    </ClCompile>
    <ClCompile Include="172_함수1_형성평가3.c">
      <Filter>소스 파일</Filter>
    </ClCompile>
    <ClCompile Include="578_함수1_자가진단8.c">
      <Filter>소스 파일</Filter>
    </ClCompile>
    <ClCompile Include="576_함수1_자가진단6.c">
      <Filter>소스 파일</Filter>
    </ClCompile>
    <ClCompile Include="582_함수2_자가진단4.c">
      <Filter>소스 파일</Filter>
    </ClCompile>
    <ClCompile Include="581_함수2_자가진단3.c">
      <Filter>소스 파일</Filter>
    </ClCompile>
  </ItemGroup>
  <ItemGroup>
    <None Include="580_함수2_자가진단2.c">
      <Filter>소스 파일</Filter>
    </None>
  </ItemGroup>
</Project>